
Microsoft Visual Studio Solution File, Format Version 12.00
# Visual Studio Version 17
VisualStudioVersion = 17.4.33213.308
MinimumVisualStudioVersion = 10.0.40219.1
Project("{9A19103F-16F7-4668-BE54-9A1E7A4F7556}") = "Demo App", "Demo App.csproj", "{ADDD487B-76EC-493F-AA43-5371F97EF2C4}"
EndProject
Project("{FAE04EC0-301F-11D3-BF4B-00C04F79EFBC}") = "ClassLibrary1", "..\ClassLibrary1\ClassLibrary1.csproj", "{D4526F2D-001F-4DE9-A1A2-90CECAECB4AA}"
EndProject
Global
	GlobalSection(SolutionConfigurationPlatforms) = preSolution
		Debug|Any CPU = Debug|Any CPU
		Release|Any CPU = Release|Any CPU
	EndGlobalSection
	GlobalSection(ProjectConfigurationPlatforms) = postSolution
		{ADDD487B-76EC-493F-AA43-5371F97EF2C4}.Debug|Any CPU.ActiveCfg = Debug|Any CPU
		{ADDD487B-76EC-493F-AA43-5371F97EF2C4}.Debug|Any CPU.Build.0 = Debug|Any CPU
		{ADDD487B-76EC-493F-AA43-5371F97EF2C4}.Release|Any CPU.ActiveCfg = Release|Any CPU
		{ADDD487B-76EC-493F-AA43-5371F97EF2C4}.Release|Any CPU.Build.0 = Release|Any CPU
		{D4526F2D-001F-4DE9-A1A2-90CECAECB4AA}.Debug|Any CPU.ActiveCfg = Debug|Any CPU
		{D4526F2D-001F-4DE9-A1A2-90CECAECB4AA}.Debug|Any CPU.Build.0 = Debug|Any CPU
		{D4526F2D-001F-4DE9-A1A2-90CECAECB4AA}.Release|Any CPU.ActiveCfg = Release|Any CPU
		{D4526F2D-001F-4DE9-A1A2-90CECAECB4AA}.Release|Any CPU.Build.0 = Release|Any CPU
	EndGlobalSection
	GlobalSection(SolutionProperties) = preSolution
		HideSolutionNode = FALSE
	EndGlobalSection
	GlobalSection(ExtensibilityGlobals) = postSolution
		SolutionGuid = {9095B38F-EB4E-4152-8015-80757C3FF731}
	EndGlobalSection
EndGlobal
